
Microsoft Visual Studio Solution File, Format Version 12.00
# Visual Studio 15
VisualStudioVersion = 15.0.28307.168
MinimumVisualStudioVersion = 10.0.40219.1
Project("{FAE04EC0-301F-11D3-BF4B-00C04F79EFBC}") = "MainForm", "MainForm\MainForm.csproj", "{2CE655A8-D60B-4F3A-9590-4F35DDFA16AB}"
EndProject
Global
	GlobalSection(SolutionConfigurationPlatforms) = preSolution
		Debug|Any CPU = Debug|Any CPU
		Release|Any CPU = Release|Any CPU
	EndGlobalSection
	GlobalSection(ProjectConfigurationPlatforms) = postSolution
		{2CE655A8-D60B-4F3A-9590-4F35DDFA16AB}.Debug|Any CPU.ActiveCfg = Debug|Any CPU
		{2CE655A8-D60B-4F3A-9590-4F35DDFA16AB}.Debug|Any CPU.Build.0 = Debug|Any CPU
		{2CE655A8-D60B-4F3A-9590-4F35DDFA16AB}.Release|Any CPU.ActiveCfg = Release|Any CPU
		{2CE655A8-D60B-4F3A-9590-4F35DDFA16AB}.Release|Any CPU.Build.0 = Release|Any CPU
	EndGlobalSection
	GlobalSection(SolutionProperties) = preSolution
		HideSolutionNode = FALSE
	EndGlobalSection
	GlobalSection(ExtensibilityGlobals) = postSolution
		SolutionGuid = {DEB065FC-818E-4DF5-B751-FB1740D9CBF3}
	EndGlobalSection
EndGlobal
